// !$*UTF8*$!
{
	archiveVersion = 1;
	classes = {
	};
	objectVersion = 77;
	objects = {

/* Begin PBXBuildFile section */
		00B7B8B14FF0303E46007203 /* TopicIcon.swift in Sources */ = {isa = PBXBuildFile; fileRef = 799B328B5FC2E3F615F7DB41 /* TopicIcon.swift */; };
		03E8A94FF11F486216CC13B1 /* ContentView.swift in Sources */ = {isa = PBXBuildFile; fileRef = 42D4982DBEFBD646B4F5FD62 /* ContentView.swift */; };
		076F9AE7C7903FF70A671E08 /* IBMPlexSans-Regular.ttf in Resources */ = {isa = PBXBuildFile; fileRef = 752CBF98CC2C51F2EDC3EF62 /* IBMPlexSans-Regular.ttf */; };
		0ACF6DDB39EBC84AD6AABC71 /* StatusLine.swift in Sources */ = {isa = PBXBuildFile; fileRef = 2F017FABEBC4E5B128A074D0 /* StatusLine.swift */; };
		0B24F964C6C184D6E7B671B8 /* LoginView.swift in Sources */ = {isa = PBXBuildFile; fileRef = 3C3479CDAF7B4103E414DAC3 /* LoginView.swift */; };
		0D1298B1A212D2DC271F95DA /* LognDesignSystem.swift in Sources */ = {isa = PBXBuildFile; fileRef = DFC409C250EFC18B48AF0021 /* LognDesignSystem.swift */; };
		113A7C042597592AB08772A7 /* InfoPlist.strings in Resources */ = {isa = PBXBuildFile; fileRef = 052D097253B21873566489C9 /* InfoPlist.strings */; };
		1AFD3DC5C3190DE8CF4CA6D9 /* IBMPlexMono-Medium.ttf in Resources */ = {isa = PBXBuildFile; fileRef = C5B7C9FB40CD745774D3BA3F /* IBMPlexMono-Medium.ttf */; };
		1B3F7CCE389E70B29D4DC659 /* StandingsView.swift in Sources */ = {isa = PBXBuildFile; fileRef = C2638F7B390A01676A65CFD9 /* StandingsView.swift */; };
		1D453632FCF4FC2DDA13EB0D /* legal-privacy.en.html in Resources */ = {isa = PBXBuildFile; fileRef = 9480CE2CB5982E8E6666380C /* legal-privacy.en.html */; };
		211A33B99BD2DE50F85E8997 /* trail-seed.json in Resources */ = {isa = PBXBuildFile; fileRef = 495013444502A57C6D127A7D /* trail-seed.json */; };
		2904B02ECB83300658D107C7 /* IBMPlexSans-SemiBold.ttf in Resources */ = {isa = PBXBuildFile; fileRef = 1BE5DBCB70C667BEFA031ED7 /* IBMPlexSans-SemiBold.ttf */; };
		2C16E5D79E26EC653658C71B /* IBMPlexSans-Medium.ttf in Resources */ = {isa = PBXBuildFile; fileRef = E30F815E4AC253B06790AAE8 /* IBMPlexSans-Medium.ttf */; };
		2F7173374C70B98EECB2E04A /* Strings.swift in Sources */ = {isa = PBXBuildFile; fileRef = DF70445FC4588B69074A5843 /* Strings.swift */; };
		367A11F1AABAF76BBEC5269D /* RegisterView.swift in Sources */ = {isa = PBXBuildFile; fileRef = C4DB2DC21E3986A71469A3AA /* RegisterView.swift */; };
		3C863FFB4FF7194F0493F4FE /* DryRunView.swift in Sources */ = {isa = PBXBuildFile; fileRef = 26D31A9B206FE1CD0C80B3F9 /* DryRunView.swift */; };
		44D5D3BB9F8FE23DDE664A52 /* legal-terms.en.html in Resources */ = {isa = PBXBuildFile; fileRef = 27CDD3F1EB1F68123D863200 /* legal-terms.en.html */; };
		567C1D15944B685B8204F3ED /* ResetPasswordView.swift in Sources */ = {isa = PBXBuildFile; fileRef = C5B2B5EA563D4C0A69035BF3 /* ResetPasswordView.swift */; };
		5B28C2226E5C4917A2F15B4E /* CoreWrapper.swift in Sources */ = {isa = PBXBuildFile; fileRef = 72C915F676CBB9F04656C255 /* CoreWrapper.swift */; };
		67BF1220625E8C2DBEF91212 /* LegalDocumentView.swift in Sources */ = {isa = PBXBuildFile; fileRef = 116B2CC534846B378BDCA8EB /* LegalDocumentView.swift */; };
		67E43BEE172F2659EA187C3B /* ScoreboardView.swift in Sources */ = {isa = PBXBuildFile; fileRef = 50E1734BB756CB9066ECEC94 /* ScoreboardView.swift */; };
		6FEEE4F67862A78B1A8ED436 /* AccountNoticeViews.swift in Sources */ = {isa = PBXBuildFile; fileRef = 549AE758216A25FF57DE3F1B /* AccountNoticeViews.swift */; };
		724724B930EEFEFF07CB88DB /* LogoutViews.swift in Sources */ = {isa = PBXBuildFile; fileRef = 6E3DB489715A5B620395CD47 /* LogoutViews.swift */; };
		7447A744F19419838DA5F8C5 /* IBMPlexMono-SemiBold.ttf in Resources */ = {isa = PBXBuildFile; fileRef = F111AFD2776AF5D50D29BF33 /* IBMPlexMono-SemiBold.ttf */; };
		759F5D41188EC09D79188812 /* Telemetry.swift in Sources */ = {isa = PBXBuildFile; fileRef = E24E7180F9C2D1ABF5578BE3 /* Telemetry.swift */; };
		7EC7FCEE24F8C2D1213036A7 /* ProfileHubView.swift in Sources */ = {isa = PBXBuildFile; fileRef = F8ACFF3284CD5B7DC2095483 /* ProfileHubView.swift */; };
		828671D74C041716CCBFDBCE /* legal-privacy.pt-BR.html in Resources */ = {isa = PBXBuildFile; fileRef = 7D5540CC96022EB3FD517E3E /* legal-privacy.pt-BR.html */; };
		847B9C5F21C81347B4C1204A /* StatusKeyCopy.swift in Sources */ = {isa = PBXBuildFile; fileRef = 0C36C16A334636C98206B989 /* StatusKeyCopy.swift */; };
		86F460E1EFCA8C55032ECD9D /* LognTopics.swift in Sources */ = {isa = PBXBuildFile; fileRef = D06AADFA16250D1A08A15AFE /* LognTopics.swift */; };
		92CE64A8F39A3BACBDFA7E2D /* ViewExtensions.swift in Sources */ = {isa = PBXBuildFile; fileRef = 8DA78EDFD4661B922FE1E389 /* ViewExtensions.swift */; };
		936B6709633ADF906CB1E02F /* LogNiOSApp.swift in Sources */ = {isa = PBXBuildFile; fileRef = 80804A0792E45E01C5BE3D0B /* LogNiOSApp.swift */; };
		9B73D9EDD483D4291A531CE4 /* CodeBlock.swift in Sources */ = {isa = PBXBuildFile; fileRef = 9D8EF036E181D0306E94D226 /* CodeBlock.swift */; };
		A7FE0DF6B468F1DB4208B401 /* SVGPath.swift in Sources */ = {isa = PBXBuildFile; fileRef = EB03B22842CF2E79E83561F8 /* SVGPath.swift */; };
		AA0490B0BA4AA0ED9BD72F41 /* SampleDataNotice.swift in Sources */ = {isa = PBXBuildFile; fileRef = C54D531EF24FAD3B3299DBF0 /* SampleDataNotice.swift */; };
		AF4EF398751D584030B9F840 /* NodeSheetView.swift in Sources */ = {isa = PBXBuildFile; fileRef = 9476B1DFF7AE686900CF32CD /* NodeSheetView.swift */; };
		B118212843B83D5CB04DFAE9 /* Localizable.xcstrings in Resources */ = {isa = PBXBuildFile; fileRef = CE6BEE57EEC4C8617FEABC33 /* Localizable.xcstrings */; };
		B25F010AFF41794BFC439A02 /* LogNCoreFFI in Frameworks */ = {isa = PBXBuildFile; productRef = 13135BDC590A9C01156FE7B3 /* LogNCoreFFI */; };
		B8F59D5FA327BDA47F4FEFA5 /* legal-manifest.json in Resources */ = {isa = PBXBuildFile; fileRef = A1BDCF2925B08814426FF636 /* legal-manifest.json */; };
		B9C7645E671FFFA6668EF826 /* LegalWebView.swift in Sources */ = {isa = PBXBuildFile; fileRef = 4AD3AA2F9805C2879EA05524 /* LegalWebView.swift */; };
		C1C10995476705C547B2E3F3 /* Assets.xcassets in Resources */ = {isa = PBXBuildFile; fileRef = F486C5E97DFDCE2C80818FB7 /* Assets.xcassets */; };
		C878D3C2E023BF3402DA39A2 /* SkillTreeView.swift in Sources */ = {isa = PBXBuildFile; fileRef = 2CEDA9E40AF59358F4F00143 /* SkillTreeView.swift */; };
		CF0A1EB4CE4E50CC539A134C /* PostHog in Frameworks */ = {isa = PBXBuildFile; productRef = 6CFC8719D13EE3EF51651524 /* PostHog */; };
		CF9D002B22CE05C3BC5D80D6 /* LeaveMatchSheet.swift in Sources */ = {isa = PBXBuildFile; fileRef = A4811EB169815262BA8CDC9F /* LeaveMatchSheet.swift */; };
		D7C66D51C4C07B02BDCF7FD7 /* legal-terms.pt-BR.html in Resources */ = {isa = PBXBuildFile; fileRef = A22C79FFC5A566973EBC4A20 /* legal-terms.pt-BR.html */; };
		E2D8CA6DB078DBFF781C1263 /* legal-privacy.es.html in Resources */ = {isa = PBXBuildFile; fileRef = AA26092B0334D250671544C2 /* legal-privacy.es.html */; };
		E51C5DD63A8796B58694D004 /* IBMPlexMono-Regular.ttf in Resources */ = {isa = PBXBuildFile; fileRef = 2A37D7575A08B4C92B940D53 /* IBMPlexMono-Regular.ttf */; };
		E618B59B0A839990BDA626EA /* MatchView.swift in Sources */ = {isa = PBXBuildFile; fileRef = 8BCAD3D7D269E2D03F55181F /* MatchView.swift */; };
		E6D95FDA93A65195F543436D /* OriginSheetView.swift in Sources */ = {isa = PBXBuildFile; fileRef = 40FA716E89E041D22882546E /* OriginSheetView.swift */; };
		E73189436712870098DA5F1C /* LognComponents.swift in Sources */ = {isa = PBXBuildFile; fileRef = 3C234F5143F4791D66EF36E0 /* LognComponents.swift */; };
		EA1F6042A86DDF791B09AB41 /* StringsMappers.swift in Sources */ = {isa = PBXBuildFile; fileRef = 9D238C31B32D323BF620359D /* StringsMappers.swift */; };
		F78BA7613AF912F27820D2ED /* OTPInputView.swift in Sources */ = {isa = PBXBuildFile; fileRef = 48659346006694BF96682CBE /* OTPInputView.swift */; };
		F8F7BD017E95750A2DCF438E /* legal-terms.es.html in Resources */ = {isa = PBXBuildFile; fileRef = 4AB77126A8B91B307CED33F7 /* legal-terms.es.html */; };
		FA39E591FFCF6E0D9F6EABC6 /* BalloonShape.swift in Sources */ = {isa = PBXBuildFile; fileRef = 911B685B7906CC9801E098A1 /* BalloonShape.swift */; };
/* End PBXBuildFile section */

/* Begin PBXFileReference section */
		0C36C16A334636C98206B989 /* StatusKeyCopy.swift */ = {isa = PBXFileReference; lastKnownFileType = sourcecode.swift; path = StatusKeyCopy.swift; sourceTree = "<group>"; };
		116B2CC534846B378BDCA8EB /* LegalDocumentView.swift */ = {isa = PBXFileReference; lastKnownFileType = sourcecode.swift; path = LegalDocumentView.swift; sourceTree = "<group>"; };
		1BE5DBCB70C667BEFA031ED7 /* IBMPlexSans-SemiBold.ttf */ = {isa = PBXFileReference; lastKnownFileType = file; path = "IBMPlexSans-SemiBold.ttf"; sourceTree = "<group>"; };
		26D31A9B206FE1CD0C80B3F9 /* DryRunView.swift */ = {isa = PBXFileReference; lastKnownFileType = sourcecode.swift; path = DryRunView.swift; sourceTree = "<group>"; };
		27CDD3F1EB1F68123D863200 /* legal-terms.en.html */ = {isa = PBXFileReference; lastKnownFileType = text.html; path = "legal-terms.en.html"; sourceTree = "<group>"; };
		28351D90B42E5417571B1A37 /* pt-BR */ = {isa = PBXFileReference; lastKnownFileType = text.plist.strings; name = "pt-BR"; path = "pt-BR.lproj/InfoPlist.strings"; sourceTree = "<group>"; };
		2A37D7575A08B4C92B940D53 /* IBMPlexMono-Regular.ttf */ = {isa = PBXFileReference; lastKnownFileType = file; path = "IBMPlexMono-Regular.ttf"; sourceTree = "<group>"; };
		2CEDA9E40AF59358F4F00143 /* SkillTreeView.swift */ = {isa = PBXFileReference; lastKnownFileType = sourcecode.swift; path = SkillTreeView.swift; sourceTree = "<group>"; };
		2F017FABEBC4E5B128A074D0 /* StatusLine.swift */ = {isa = PBXFileReference; lastKnownFileType = sourcecode.swift; path = StatusLine.swift; sourceTree = "<group>"; };
		36CC53FEE4EF414C2FFE69AB /* Info.plist */ = {isa = PBXFileReference; lastKnownFileType = text.plist; path = Info.plist; sourceTree = "<group>"; };
		39639030FF1ABF8B56AB4F26 /* LogNCoreFFI */ = {isa = PBXFileReference; lastKnownFileType = folder; name = LogNCoreFFI; path = ../LogNCoreFFI; sourceTree = SOURCE_ROOT; };
		3C234F5143F4791D66EF36E0 /* LognComponents.swift */ = {isa = PBXFileReference; lastKnownFileType = sourcecode.swift; path = LognComponents.swift; sourceTree = "<group>"; };
		3C3479CDAF7B4103E414DAC3 /* LoginView.swift */ = {isa = PBXFileReference; lastKnownFileType = sourcecode.swift; path = LoginView.swift; sourceTree = "<group>"; };
		40FA716E89E041D22882546E /* OriginSheetView.swift */ = {isa = PBXFileReference; lastKnownFileType = sourcecode.swift; path = OriginSheetView.swift; sourceTree = "<group>"; };
		42D4982DBEFBD646B4F5FD62 /* ContentView.swift */ = {isa = PBXFileReference; lastKnownFileType = sourcecode.swift; path = ContentView.swift; sourceTree = "<group>"; };
		48659346006694BF96682CBE /* OTPInputView.swift */ = {isa = PBXFileReference; lastKnownFileType = sourcecode.swift; path = OTPInputView.swift; sourceTree = "<group>"; };
		495013444502A57C6D127A7D /* trail-seed.json */ = {isa = PBXFileReference; lastKnownFileType = text.json; path = "trail-seed.json"; sourceTree = "<group>"; };
		4AB77126A8B91B307CED33F7 /* legal-terms.es.html */ = {isa = PBXFileReference; lastKnownFileType = text.html; path = "legal-terms.es.html"; sourceTree = "<group>"; };
		4AD3AA2F9805C2879EA05524 /* LegalWebView.swift */ = {isa = PBXFileReference; lastKnownFileType = sourcecode.swift; path = LegalWebView.swift; sourceTree = "<group>"; };
		50E1734BB756CB9066ECEC94 /* ScoreboardView.swift */ = {isa = PBXFileReference; lastKnownFileType = sourcecode.swift; path = ScoreboardView.swift; sourceTree = "<group>"; };
		549AE758216A25FF57DE3F1B /* AccountNoticeViews.swift */ = {isa = PBXFileReference; lastKnownFileType = sourcecode.swift; path = AccountNoticeViews.swift; sourceTree = "<group>"; };
		6E3DB489715A5B620395CD47 /* LogoutViews.swift */ = {isa = PBXFileReference; lastKnownFileType = sourcecode.swift; path = LogoutViews.swift; sourceTree = "<group>"; };
		72C915F676CBB9F04656C255 /* CoreWrapper.swift */ = {isa = PBXFileReference; lastKnownFileType = sourcecode.swift; path = CoreWrapper.swift; sourceTree = "<group>"; };
		752CBF98CC2C51F2EDC3EF62 /* IBMPlexSans-Regular.ttf */ = {isa = PBXFileReference; lastKnownFileType = file; path = "IBMPlexSans-Regular.ttf"; sourceTree = "<group>"; };
		7670411FB487991006E4DE02 /* Local.xcconfig */ = {isa = PBXFileReference; lastKnownFileType = text.xcconfig; path = Local.xcconfig; sourceTree = "<group>"; };
		799B328B5FC2E3F615F7DB41 /* TopicIcon.swift */ = {isa = PBXFileReference; lastKnownFileType = sourcecode.swift; path = TopicIcon.swift; sourceTree = "<group>"; };
		7D5540CC96022EB3FD517E3E /* legal-privacy.pt-BR.html */ = {isa = PBXFileReference; lastKnownFileType = text.html; path = "legal-privacy.pt-BR.html"; sourceTree = "<group>"; };
		80804A0792E45E01C5BE3D0B /* LogNiOSApp.swift */ = {isa = PBXFileReference; lastKnownFileType = sourcecode.swift; path = LogNiOSApp.swift; sourceTree = "<group>"; };
		8BCAD3D7D269E2D03F55181F /* MatchView.swift */ = {isa = PBXFileReference; lastKnownFileType = sourcecode.swift; path = MatchView.swift; sourceTree = "<group>"; };
		8DA78EDFD4661B922FE1E389 /* ViewExtensions.swift */ = {isa = PBXFileReference; lastKnownFileType = sourcecode.swift; path = ViewExtensions.swift; sourceTree = "<group>"; };
		911B685B7906CC9801E098A1 /* BalloonShape.swift */ = {isa = PBXFileReference; lastKnownFileType = sourcecode.swift; path = BalloonShape.swift; sourceTree = "<group>"; };
		9476B1DFF7AE686900CF32CD /* NodeSheetView.swift */ = {isa = PBXFileReference; lastKnownFileType = sourcecode.swift; path = NodeSheetView.swift; sourceTree = "<group>"; };
		9480CE2CB5982E8E6666380C /* legal-privacy.en.html */ = {isa = PBXFileReference; lastKnownFileType = text.html; path = "legal-privacy.en.html"; sourceTree = "<group>"; };
		98613207977B12CB7500F98C /* en */ = {isa = PBXFileReference; lastKnownFileType = text.plist.strings; name = en; path = en.lproj/InfoPlist.strings; sourceTree = "<group>"; };
		9D1A761B4BB79672516BF045 /* LogNiOS.app */ = {isa = PBXFileReference; includeInIndex = 0; lastKnownFileType = wrapper.application; path = LogNiOS.app; sourceTree = BUILT_PRODUCTS_DIR; };
		9D238C31B32D323BF620359D /* StringsMappers.swift */ = {isa = PBXFileReference; lastKnownFileType = sourcecode.swift; path = StringsMappers.swift; sourceTree = "<group>"; };
		9D8EF036E181D0306E94D226 /* CodeBlock.swift */ = {isa = PBXFileReference; lastKnownFileType = sourcecode.swift; path = CodeBlock.swift; sourceTree = "<group>"; };
		A1BDCF2925B08814426FF636 /* legal-manifest.json */ = {isa = PBXFileReference; lastKnownFileType = text.json; path = "legal-manifest.json"; sourceTree = "<group>"; };
		A22C79FFC5A566973EBC4A20 /* legal-terms.pt-BR.html */ = {isa = PBXFileReference; lastKnownFileType = text.html; path = "legal-terms.pt-BR.html"; sourceTree = "<group>"; };
		A4811EB169815262BA8CDC9F /* LeaveMatchSheet.swift */ = {isa = PBXFileReference; lastKnownFileType = sourcecode.swift; path = LeaveMatchSheet.swift; sourceTree = "<group>"; };
		AA26092B0334D250671544C2 /* legal-privacy.es.html */ = {isa = PBXFileReference; lastKnownFileType = text.html; path = "legal-privacy.es.html"; sourceTree = "<group>"; };
		C2638F7B390A01676A65CFD9 /* StandingsView.swift */ = {isa = PBXFileReference; lastKnownFileType = sourcecode.swift; path = StandingsView.swift; sourceTree = "<group>"; };
		C4DB2DC21E3986A71469A3AA /* RegisterView.swift */ = {isa = PBXFileReference; lastKnownFileType = sourcecode.swift; path = RegisterView.swift; sourceTree = "<group>"; };
		C54D531EF24FAD3B3299DBF0 /* SampleDataNotice.swift */ = {isa = PBXFileReference; lastKnownFileType = sourcecode.swift; path = SampleDataNotice.swift; sourceTree = "<group>"; };
		C5B2B5EA563D4C0A69035BF3 /* ResetPasswordView.swift */ = {isa = PBXFileReference; lastKnownFileType = sourcecode.swift; path = ResetPasswordView.swift; sourceTree = "<group>"; };
		C5B7C9FB40CD745774D3BA3F /* IBMPlexMono-Medium.ttf */ = {isa = PBXFileReference; lastKnownFileType = file; path = "IBMPlexMono-Medium.ttf"; sourceTree = "<group>"; };
		CE6BEE57EEC4C8617FEABC33 /* Localizable.xcstrings */ = {isa = PBXFileReference; lastKnownFileType = text.json.xcstrings; path = Localizable.xcstrings; sourceTree = "<group>"; };
		D06AADFA16250D1A08A15AFE /* LognTopics.swift */ = {isa = PBXFileReference; lastKnownFileType = sourcecode.swift; path = LognTopics.swift; sourceTree = "<group>"; };
		DF70445FC4588B69074A5843 /* Strings.swift */ = {isa = PBXFileReference; lastKnownFileType = sourcecode.swift; path = Strings.swift; sourceTree = "<group>"; };
		DFC409C250EFC18B48AF0021 /* LognDesignSystem.swift */ = {isa = PBXFileReference; lastKnownFileType = sourcecode.swift; path = LognDesignSystem.swift; sourceTree = "<group>"; };
		E24E7180F9C2D1ABF5578BE3 /* Telemetry.swift */ = {isa = PBXFileReference; lastKnownFileType = sourcecode.swift; path = Telemetry.swift; sourceTree = "<group>"; };
		E30F815E4AC253B06790AAE8 /* IBMPlexSans-Medium.ttf */ = {isa = PBXFileReference; lastKnownFileType = file; path = "IBMPlexSans-Medium.ttf"; sourceTree = "<group>"; };
		EB03B22842CF2E79E83561F8 /* SVGPath.swift */ = {isa = PBXFileReference; lastKnownFileType = sourcecode.swift; path = SVGPath.swift; sourceTree = "<group>"; };
		F111AFD2776AF5D50D29BF33 /* IBMPlexMono-SemiBold.ttf */ = {isa = PBXFileReference; lastKnownFileType = file; path = "IBMPlexMono-SemiBold.ttf"; sourceTree = "<group>"; };
		F486C5E97DFDCE2C80818FB7 /* Assets.xcassets */ = {isa = PBXFileReference; lastKnownFileType = folder.assetcatalog; path = Assets.xcassets; sourceTree = "<group>"; };
		F8ACFF3284CD5B7DC2095483 /* ProfileHubView.swift */ = {isa = PBXFileReference; lastKnownFileType = sourcecode.swift; path = ProfileHubView.swift; sourceTree = "<group>"; };
		FD38873CE559EB5BE3EC813F /* es */ = {isa = PBXFileReference; lastKnownFileType = text.plist.strings; name = es; path = es.lproj/InfoPlist.strings; sourceTree = "<group>"; };
/* End PBXFileReference section */

/* Begin PBXFrameworksBuildPhase section */
		E558A5755FBA2E2E30A5FBC7 /* Frameworks */ = {
			isa = PBXFrameworksBuildPhase;
			buildActionMask = 2147483647;
			files = (
				B25F010AFF41794BFC439A02 /* LogNCoreFFI in Frameworks */,
				CF0A1EB4CE4E50CC539A134C /* PostHog in Frameworks */,
			);
			runOnlyForDeploymentPostprocessing = 0;
		};
/* End PBXFrameworksBuildPhase section */

/* Begin PBXGroup section */
		1562414396442F18EFB11F52 /* InfoPlist */ = {
			isa = PBXGroup;
			children = (
				052D097253B21873566489C9 /* InfoPlist.strings */,
			);
			path = InfoPlist;
			sourceTree = "<group>";
		};
		3742E5E9469E1C672130DE84 /* LogNiOS */ = {
			isa = PBXGroup;
			children = (
				7670411FB487991006E4DE02 /* Local.xcconfig */,
			);
			name = LogNiOS;
			path = .;
			sourceTree = "<group>";
		};
		4D5F1268255946B4C54BC27F = {
			isa = PBXGroup;
			children = (
				A941EF7BAA6199B90C91DCCB /* LogNiOS */,
				3742E5E9469E1C672130DE84 /* LogNiOS */,
				E2EC91FCB3848B0791696A6C /* Packages */,
				5EF88F208A24C6BABF30F9A7 /* Products */,
			);
			sourceTree = "<group>";
		};
		4DA05EDD2970433B4DA72D53 /* Core */ = {
			isa = PBXGroup;
			children = (
				72C915F676CBB9F04656C255 /* CoreWrapper.swift */,
				E24E7180F9C2D1ABF5578BE3 /* Telemetry.swift */,
			);
			path = Core;
			sourceTree = "<group>";
		};
		58280166579ADDC720965769 /* Resources */ = {
			isa = PBXGroup;
			children = (
				495013444502A57C6D127A7D /* trail-seed.json */,
				680BBE13756474F7C039A97A /* Fonts */,
				8566724044B26ECB31FA33E7 /* Legal */,
			);
			path = Resources;
			sourceTree = "<group>";
		};
		5EF88F208A24C6BABF30F9A7 /* Products */ = {
			isa = PBXGroup;
			children = (
				9D1A761B4BB79672516BF045 /* LogNiOS.app */,
			);
			name = Products;
			sourceTree = "<group>";
		};
		680BBE13756474F7C039A97A /* Fonts */ = {
			isa = PBXGroup;
			children = (
				C5B7C9FB40CD745774D3BA3F /* IBMPlexMono-Medium.ttf */,
				2A37D7575A08B4C92B940D53 /* IBMPlexMono-Regular.ttf */,
				F111AFD2776AF5D50D29BF33 /* IBMPlexMono-SemiBold.ttf */,
				E30F815E4AC253B06790AAE8 /* IBMPlexSans-Medium.ttf */,
				752CBF98CC2C51F2EDC3EF62 /* IBMPlexSans-Regular.ttf */,
				1BE5DBCB70C667BEFA031ED7 /* IBMPlexSans-SemiBold.ttf */,
			);
			path = Fonts;
			sourceTree = "<group>";
		};
		8566724044B26ECB31FA33E7 /* Legal */ = {
			isa = PBXGroup;
			children = (
				A1BDCF2925B08814426FF636 /* legal-manifest.json */,
				9480CE2CB5982E8E6666380C /* legal-privacy.en.html */,
				AA26092B0334D250671544C2 /* legal-privacy.es.html */,
				7D5540CC96022EB3FD517E3E /* legal-privacy.pt-BR.html */,
				27CDD3F1EB1F68123D863200 /* legal-terms.en.html */,
				4AB77126A8B91B307CED33F7 /* legal-terms.es.html */,
				A22C79FFC5A566973EBC4A20 /* legal-terms.pt-BR.html */,
			);
			path = Legal;
			sourceTree = "<group>";
		};
		856EBED95C7BAADCCD7D633E /* Components */ = {
			isa = PBXGroup;
			children = (
				911B685B7906CC9801E098A1 /* BalloonShape.swift */,
				9D8EF036E181D0306E94D226 /* CodeBlock.swift */,
				4AD3AA2F9805C2879EA05524 /* LegalWebView.swift */,
				3C234F5143F4791D66EF36E0 /* LognComponents.swift */,
				C54D531EF24FAD3B3299DBF0 /* SampleDataNotice.swift */,
				2F017FABEBC4E5B128A074D0 /* StatusLine.swift */,
				EB03B22842CF2E79E83561F8 /* SVGPath.swift */,
				799B328B5FC2E3F615F7DB41 /* TopicIcon.swift */,
				8DA78EDFD4661B922FE1E389 /* ViewExtensions.swift */,
			);
			path = Components;
			sourceTree = "<group>";
		};
		8A706ECEAA021B704E9D9935 /* Views */ = {
			isa = PBXGroup;
			children = (
				549AE758216A25FF57DE3F1B /* AccountNoticeViews.swift */,
				42D4982DBEFBD646B4F5FD62 /* ContentView.swift */,
				26D31A9B206FE1CD0C80B3F9 /* DryRunView.swift */,
				A4811EB169815262BA8CDC9F /* LeaveMatchSheet.swift */,
				116B2CC534846B378BDCA8EB /* LegalDocumentView.swift */,
				3C3479CDAF7B4103E414DAC3 /* LoginView.swift */,
				6E3DB489715A5B620395CD47 /* LogoutViews.swift */,
				8BCAD3D7D269E2D03F55181F /* MatchView.swift */,
				9476B1DFF7AE686900CF32CD /* NodeSheetView.swift */,
				40FA716E89E041D22882546E /* OriginSheetView.swift */,
				48659346006694BF96682CBE /* OTPInputView.swift */,
				F8ACFF3284CD5B7DC2095483 /* ProfileHubView.swift */,
				C4DB2DC21E3986A71469A3AA /* RegisterView.swift */,
				C5B2B5EA563D4C0A69035BF3 /* ResetPasswordView.swift */,
				50E1734BB756CB9066ECEC94 /* ScoreboardView.swift */,
				2CEDA9E40AF59358F4F00143 /* SkillTreeView.swift */,
				C2638F7B390A01676A65CFD9 /* StandingsView.swift */,
			);
			path = Views;
			sourceTree = "<group>";
		};
		A941EF7BAA6199B90C91DCCB /* LogNiOS */ = {
			isa = PBXGroup;
			children = (
				F486C5E97DFDCE2C80818FB7 /* Assets.xcassets */,
				36CC53FEE4EF414C2FFE69AB /* Info.plist */,
				80804A0792E45E01C5BE3D0B /* LogNiOSApp.swift */,
				856EBED95C7BAADCCD7D633E /* Components */,
				4DA05EDD2970433B4DA72D53 /* Core */,
				E4C57CC21C8B47F8AE6859FE /* DesignSystem */,
				58280166579ADDC720965769 /* Resources */,
				8A706ECEAA021B704E9D9935 /* Views */,
			);
			path = LogNiOS;
			sourceTree = "<group>";
		};
		E2EC91FCB3848B0791696A6C /* Packages */ = {
			isa = PBXGroup;
			children = (
				39639030FF1ABF8B56AB4F26 /* LogNCoreFFI */,
			);
			name = Packages;
			sourceTree = "<group>";
		};
		E4C57CC21C8B47F8AE6859FE /* DesignSystem */ = {
			isa = PBXGroup;
			children = (
				CE6BEE57EEC4C8617FEABC33 /* Localizable.xcstrings */,
				DFC409C250EFC18B48AF0021 /* LognDesignSystem.swift */,
				D06AADFA16250D1A08A15AFE /* LognTopics.swift */,
				0C36C16A334636C98206B989 /* StatusKeyCopy.swift */,
				DF70445FC4588B69074A5843 /* Strings.swift */,
				9D238C31B32D323BF620359D /* StringsMappers.swift */,
				1562414396442F18EFB11F52 /* InfoPlist */,
			);
			path = DesignSystem;
			sourceTree = "<group>";
		};
/* End PBXGroup section */

/* Begin PBXNativeTarget section */
		C366FB4150EB67CDF722514F /* LogNiOS */ = {
			isa = PBXNativeTarget;
			buildConfigurationList = 82DC412DD596E39AC07038A4 /* Build configuration list for PBXNativeTarget "LogNiOS" */;
			buildPhases = (
				1160493A5B46955E16CC4448 /* Sources */,
				F1AF6F89DCD2FFD2640B221F /* Resources */,
				E558A5755FBA2E2E30A5FBC7 /* Frameworks */,
			);
			buildRules = (
			);
			dependencies = (
			);
			name = LogNiOS;
			packageProductDependencies = (
				13135BDC590A9C01156FE7B3 /* LogNCoreFFI */,
				6CFC8719D13EE3EF51651524 /* PostHog */,
			);
			productName = LogNiOS;
			productReference = 9D1A761B4BB79672516BF045 /* LogNiOS.app */;
			productType = "com.apple.product-type.application";
		};
/* End PBXNativeTarget section */

/* Begin PBXProject section */
		C41EF80252492D7D13E91FEA /* Project object */ = {
			isa = PBXProject;
			attributes = {
				BuildIndependentTargetsInParallel = YES;
				LastUpgradeCheck = 1430;
				TargetAttributes = {
					C366FB4150EB67CDF722514F = {
						DevelopmentTeam = $(DEVELOPMENT_TEAM);
					};
				};
			};
			buildConfigurationList = 541C597A1B1F21F11A3996CA /* Build configuration list for PBXProject "LogNiOS" */;
			developmentRegion = en;
			hasScannedForEncodings = 0;
			knownRegions = (
				Base,
				en,
				es,
				"pt-BR",
			);
			mainGroup = 4D5F1268255946B4C54BC27F;
			minimizedProjectReferenceProxies = 1;
			packageReferences = (
				82BBFE6DA8C6F0D163CF59EA /* XCRemoteSwiftPackageReference "posthog-ios" */,
				2F1A4366EF6C4E77585CB8D4 /* XCLocalSwiftPackageReference "../LogNCoreFFI" */,
			);
			preferredProjectObjectVersion = 77;
			productRefGroup = 5EF88F208A24C6BABF30F9A7 /* Products */;
			projectDirPath = "";
			projectRoot = "";
			targets = (
				C366FB4150EB67CDF722514F /* LogNiOS */,
			);
		};
/* End PBXProject section */

/* Begin PBXResourcesBuildPhase section */
		F1AF6F89DCD2FFD2640B221F /* Resources */ = {
			isa = PBXResourcesBuildPhase;
			buildActionMask = 2147483647;
			files = (
				C1C10995476705C547B2E3F3 /* Assets.xcassets in Resources */,
				1AFD3DC5C3190DE8CF4CA6D9 /* IBMPlexMono-Medium.ttf in Resources */,
				E51C5DD63A8796B58694D004 /* IBMPlexMono-Regular.ttf in Resources */,
				7447A744F19419838DA5F8C5 /* IBMPlexMono-SemiBold.ttf in Resources */,
				2C16E5D79E26EC653658C71B /* IBMPlexSans-Medium.ttf in Resources */,
				076F9AE7C7903FF70A671E08 /* IBMPlexSans-Regular.ttf in Resources */,
				2904B02ECB83300658D107C7 /* IBMPlexSans-SemiBold.ttf in Resources */,
				113A7C042597592AB08772A7 /* InfoPlist.strings in Resources */,
				B118212843B83D5CB04DFAE9 /* Localizable.xcstrings in Resources */,
				B8F59D5FA327BDA47F4FEFA5 /* legal-manifest.json in Resources */,
				1D453632FCF4FC2DDA13EB0D /* legal-privacy.en.html in Resources */,
				E2D8CA6DB078DBFF781C1263 /* legal-privacy.es.html in Resources */,
				828671D74C041716CCBFDBCE /* legal-privacy.pt-BR.html in Resources */,
				44D5D3BB9F8FE23DDE664A52 /* legal-terms.en.html in Resources */,
				F8F7BD017E95750A2DCF438E /* legal-terms.es.html in Resources */,
				D7C66D51C4C07B02BDCF7FD7 /* legal-terms.pt-BR.html in Resources */,
				211A33B99BD2DE50F85E8997 /* trail-seed.json in Resources */,
			);
			runOnlyForDeploymentPostprocessing = 0;
		};
/* End PBXResourcesBuildPhase section */

/* Begin PBXSourcesBuildPhase section */
		1160493A5B46955E16CC4448 /* Sources */ = {
			isa = PBXSourcesBuildPhase;
			buildActionMask = 2147483647;
			files = (
				6FEEE4F67862A78B1A8ED436 /* AccountNoticeViews.swift in Sources */,
				FA39E591FFCF6E0D9F6EABC6 /* BalloonShape.swift in Sources */,
				9B73D9EDD483D4291A531CE4 /* CodeBlock.swift in Sources */,
				03E8A94FF11F486216CC13B1 /* ContentView.swift in Sources */,
				5B28C2226E5C4917A2F15B4E /* CoreWrapper.swift in Sources */,
				3C863FFB4FF7194F0493F4FE /* DryRunView.swift in Sources */,
				CF9D002B22CE05C3BC5D80D6 /* LeaveMatchSheet.swift in Sources */,
				67BF1220625E8C2DBEF91212 /* LegalDocumentView.swift in Sources */,
				B9C7645E671FFFA6668EF826 /* LegalWebView.swift in Sources */,
				936B6709633ADF906CB1E02F /* LogNiOSApp.swift in Sources */,
				0B24F964C6C184D6E7B671B8 /* LoginView.swift in Sources */,
				E73189436712870098DA5F1C /* LognComponents.swift in Sources */,
				0D1298B1A212D2DC271F95DA /* LognDesignSystem.swift in Sources */,
				86F460E1EFCA8C55032ECD9D /* LognTopics.swift in Sources */,
				724724B930EEFEFF07CB88DB /* LogoutViews.swift in Sources */,
				E618B59B0A839990BDA626EA /* MatchView.swift in Sources */,
				AF4EF398751D584030B9F840 /* NodeSheetView.swift in Sources */,
				F78BA7613AF912F27820D2ED /* OTPInputView.swift in Sources */,
				E6D95FDA93A65195F543436D /* OriginSheetView.swift in Sources */,
				7EC7FCEE24F8C2D1213036A7 /* ProfileHubView.swift in Sources */,
				367A11F1AABAF76BBEC5269D /* RegisterView.swift in Sources */,
				567C1D15944B685B8204F3ED /* ResetPasswordView.swift in Sources */,
				A7FE0DF6B468F1DB4208B401 /* SVGPath.swift in Sources */,
				AA0490B0BA4AA0ED9BD72F41 /* SampleDataNotice.swift in Sources */,
				67E43BEE172F2659EA187C3B /* ScoreboardView.swift in Sources */,
				C878D3C2E023BF3402DA39A2 /* SkillTreeView.swift in Sources */,
				1B3F7CCE389E70B29D4DC659 /* StandingsView.swift in Sources */,
				847B9C5F21C81347B4C1204A /* StatusKeyCopy.swift in Sources */,
				0ACF6DDB39EBC84AD6AABC71 /* StatusLine.swift in Sources */,
				2F7173374C70B98EECB2E04A /* Strings.swift in Sources */,
				EA1F6042A86DDF791B09AB41 /* StringsMappers.swift in Sources */,
				759F5D41188EC09D79188812 /* Telemetry.swift in Sources */,
				00B7B8B14FF0303E46007203 /* TopicIcon.swift in Sources */,
				92CE64A8F39A3BACBDFA7E2D /* ViewExtensions.swift in Sources */,
			);
			runOnlyForDeploymentPostprocessing = 0;
		};
/* End PBXSourcesBuildPhase section */

/* Begin PBXVariantGroup section */
		052D097253B21873566489C9 /* InfoPlist.strings */ = {
			isa = PBXVariantGroup;
			children = (
				98613207977B12CB7500F98C /* en */,
				FD38873CE559EB5BE3EC813F /* es */,
				28351D90B42E5417571B1A37 /* pt-BR */,
			);
			name = InfoPlist.strings;
			sourceTree = "<group>";
		};
/* End PBXVariantGroup section */

/* Begin XCBuildConfiguration section */
		2777EF593D58D37536149714 /* Release */ = {
			isa = XCBuildConfiguration;
			baseConfigurationReference = 7670411FB487991006E4DE02 /* Local.xcconfig */;
			buildSettings = {
				ALWAYS_SEARCH_USER_PATHS = NO;
				CLANG_ANALYZER_NONNULL = YES;
				CLANG_ANALYZER_NUMBER_OBJECT_CONVERSION = YES_AGGRESSIVE;
				CLANG_CXX_LANGUAGE_STANDARD = "gnu++14";
				CLANG_CXX_LIBRARY = "libc++";
				CLANG_ENABLE_MODULES = YES;
				CLANG_ENABLE_OBJC_ARC = YES;
				CLANG_ENABLE_OBJC_WEAK = YES;
				CLANG_WARN_BLOCK_CAPTURE_AUTORELEASING = YES;
				CLANG_WARN_BOOL_CONVERSION = YES;
				CLANG_WARN_COMMA = YES;
				CLANG_WARN_CONSTANT_CONVERSION = YES;
				CLANG_WARN_DEPRECATED_OBJC_IMPLEMENTATIONS = YES;
				CLANG_WARN_DIRECT_OBJC_ISA_USAGE = YES_ERROR;
				CLANG_WARN_DOCUMENTATION_COMMENTS = YES;
				CLANG_WARN_EMPTY_BODY = YES;
				CLANG_WARN_ENUM_CONVERSION = YES;
				CLANG_WARN_INFINITE_RECURSION = YES;
				CLANG_WARN_INT_CONVERSION = YES;
				CLANG_WARN_NON_LITERAL_NULL_CONVERSION = YES;
				CLANG_WARN_OBJC_IMPLICIT_RETAIN_SELF = YES;
				CLANG_WARN_OBJC_LITERAL_CONVERSION = YES;
				CLANG_WARN_OBJC_ROOT_CLASS = YES_ERROR;
				CLANG_WARN_QUOTED_INCLUDE_IN_FRAMEWORK_HEADER = YES;
				CLANG_WARN_RANGE_LOOP_ANALYSIS = YES;
				CLANG_WARN_STRICT_PROTOTYPES = YES;
				CLANG_WARN_SUSPICIOUS_MOVE = YES;
				CLANG_WARN_UNGUARDED_AVAILABILITY = YES_AGGRESSIVE;
				CLANG_WARN_UNREACHABLE_CODE = YES;
				CLANG_WARN__DUPLICATE_METHOD_MATCH = YES;
				COPY_PHASE_STRIP = NO;
				DEBUG_INFORMATION_FORMAT = "dwarf-with-dsym";
				ENABLE_NS_ASSERTIONS = NO;
				ENABLE_STRICT_OBJC_MSGSEND = YES;
				GCC_C_LANGUAGE_STANDARD = gnu11;
				GCC_NO_COMMON_BLOCKS = YES;
				GCC_WARN_64_TO_32_BIT_CONVERSION = YES;
				GCC_WARN_ABOUT_RETURN_TYPE = YES_ERROR;
				GCC_WARN_UNDECLARED_SELECTOR = YES;
				GCC_WARN_UNINITIALIZED_AUTOS = YES_AGGRESSIVE;
				GCC_WARN_UNUSED_FUNCTION = YES;
				GCC_WARN_UNUSED_VARIABLE = YES;
				IPHONEOS_DEPLOYMENT_TARGET = 16.0;
				MTL_ENABLE_DEBUG_INFO = NO;
				MTL_FAST_MATH = YES;
				PRODUCT_NAME = "$(TARGET_NAME)";
				SDKROOT = iphoneos;
				SWIFT_COMPILATION_MODE = wholemodule;
				SWIFT_OPTIMIZATION_LEVEL = "-O";
				SWIFT_VERSION = 5.0;
			};
			name = Release;
		};
		3D4FB4BAFFF9F1F0F9755289 /* Release */ = {
			isa = XCBuildConfiguration;
			buildSettings = {
				ASSETCATALOG_COMPILER_APPICON_NAME = AppIcon;
				CODE_SIGN_IDENTITY = "iPhone Developer";
				DEVELOPMENT_TEAM = $(DEVELOPMENT_TEAM);
				INFOPLIST_FILE = LogNiOS/Info.plist;
				INFOPLIST_KEY_CFBundleDisplayName = LogN;
				INFOPLIST_KEY_LSApplicationCategoryType = "public.app-category.educational-games";
				INFOPLIST_KEY_LSApplicationSecondaryCategoryType = "public.app-category.education";
				IPHONEOS_DEPLOYMENT_TARGET = 16.0;
				LD_RUNPATH_SEARCH_PATHS = (
					"$(inherited)",
					"@executable_path/Frameworks",
				);
				PRODUCT_BUNDLE_IDENTIFIER = sh.logn.LogNiOS;
				SDKROOT = iphoneos;
				TARGETED_DEVICE_FAMILY = "1,2";
			};
			name = Release;
		};
		86E62EE6B236BC61D129229F /* Debug */ = {
			isa = XCBuildConfiguration;
			baseConfigurationReference = 7670411FB487991006E4DE02 /* Local.xcconfig */;
			buildSettings = {
				ALWAYS_SEARCH_USER_PATHS = NO;
				CLANG_ANALYZER_NONNULL = YES;
				CLANG_ANALYZER_NUMBER_OBJECT_CONVERSION = YES_AGGRESSIVE;
				CLANG_CXX_LANGUAGE_STANDARD = "gnu++14";
				CLANG_CXX_LIBRARY = "libc++";
				CLANG_ENABLE_MODULES = YES;
				CLANG_ENABLE_OBJC_ARC = YES;
				CLANG_ENABLE_OBJC_WEAK = YES;
				CLANG_WARN_BLOCK_CAPTURE_AUTORELEASING = YES;
				CLANG_WARN_BOOL_CONVERSION = YES;
				CLANG_WARN_COMMA = YES;
				CLANG_WARN_CONSTANT_CONVERSION = YES;
				CLANG_WARN_DEPRECATED_OBJC_IMPLEMENTATIONS = YES;
				CLANG_WARN_DIRECT_OBJC_ISA_USAGE = YES_ERROR;
				CLANG_WARN_DOCUMENTATION_COMMENTS = YES;
				CLANG_WARN_EMPTY_BODY = YES;
				CLANG_WARN_ENUM_CONVERSION = YES;
				CLANG_WARN_INFINITE_RECURSION = YES;
				CLANG_WARN_INT_CONVERSION = YES;
				CLANG_WARN_NON_LITERAL_NULL_CONVERSION = YES;
				CLANG_WARN_OBJC_IMPLICIT_RETAIN_SELF = YES;
				CLANG_WARN_OBJC_LITERAL_CONVERSION = YES;
				CLANG_WARN_OBJC_ROOT_CLASS = YES_ERROR;
				CLANG_WARN_QUOTED_INCLUDE_IN_FRAMEWORK_HEADER = YES;
				CLANG_WARN_RANGE_LOOP_ANALYSIS = YES;
				CLANG_WARN_STRICT_PROTOTYPES = YES;
				CLANG_WARN_SUSPICIOUS_MOVE = YES;
				CLANG_WARN_UNGUARDED_AVAILABILITY = YES_AGGRESSIVE;
				CLANG_WARN_UNREACHABLE_CODE = YES;
				CLANG_WARN__DUPLICATE_METHOD_MATCH = YES;
				COPY_PHASE_STRIP = NO;
				DEBUG_INFORMATION_FORMAT = dwarf;
				ENABLE_STRICT_OBJC_MSGSEND = YES;
				ENABLE_TESTABILITY = YES;
				GCC_C_LANGUAGE_STANDARD = gnu11;
				GCC_DYNAMIC_NO_PIC = NO;
				GCC_NO_COMMON_BLOCKS = YES;
				GCC_OPTIMIZATION_LEVEL = 0;
				GCC_PREPROCESSOR_DEFINITIONS = (
					"$(inherited)",
					"DEBUG=1",
				);
				GCC_WARN_64_TO_32_BIT_CONVERSION = YES;
				GCC_WARN_ABOUT_RETURN_TYPE = YES_ERROR;
				GCC_WARN_UNDECLARED_SELECTOR = YES;
				GCC_WARN_UNINITIALIZED_AUTOS = YES_AGGRESSIVE;
				GCC_WARN_UNUSED_FUNCTION = YES;
				GCC_WARN_UNUSED_VARIABLE = YES;
				IPHONEOS_DEPLOYMENT_TARGET = 16.0;
				MTL_ENABLE_DEBUG_INFO = INCLUDE_SOURCE;
				MTL_FAST_MATH = YES;
				ONLY_ACTIVE_ARCH = YES;
				PRODUCT_NAME = "$(TARGET_NAME)";
				SDKROOT = iphoneos;
				SWIFT_ACTIVE_COMPILATION_CONDITIONS = DEBUG;
				SWIFT_OPTIMIZATION_LEVEL = "-Onone";
				SWIFT_VERSION = 5.0;
			};
			name = Debug;
		};
		D6D787944957B428EDE6B8E9 /* Debug */ = {
			isa = XCBuildConfiguration;
			buildSettings = {
				ASSETCATALOG_COMPILER_APPICON_NAME = AppIcon;
				CODE_SIGN_IDENTITY = "iPhone Developer";
				DEVELOPMENT_TEAM = $(DEVELOPMENT_TEAM);
				INFOPLIST_FILE = LogNiOS/Info.plist;
				INFOPLIST_KEY_CFBundleDisplayName = LogN;
				INFOPLIST_KEY_LSApplicationCategoryType = "public.app-category.educational-games";
				INFOPLIST_KEY_LSApplicationSecondaryCategoryType = "public.app-category.education";
				IPHONEOS_DEPLOYMENT_TARGET = 16.0;
				LD_RUNPATH_SEARCH_PATHS = (
					"$(inherited)",
					"@executable_path/Frameworks",
				);
				PRODUCT_BUNDLE_IDENTIFIER = sh.logn.LogNiOS;
				SDKROOT = iphoneos;
				TARGETED_DEVICE_FAMILY = "1,2";
			};
			name = Debug;
		};
/* End XCBuildConfiguration section */

/* Begin XCConfigurationList section */
		541C597A1B1F21F11A3996CA /* Build configuration list for PBXProject "LogNiOS" */ = {
			isa = XCConfigurationList;
			buildConfigurations = (
				86E62EE6B236BC61D129229F /* Debug */,
				2777EF593D58D37536149714 /* Release */,
			);
			defaultConfigurationIsVisible = 0;
			defaultConfigurationName = Debug;
		};
		82DC412DD596E39AC07038A4 /* Build configuration list for PBXNativeTarget "LogNiOS" */ = {
			isa = XCConfigurationList;
			buildConfigurations = (
				D6D787944957B428EDE6B8E9 /* Debug */,
				3D4FB4BAFFF9F1F0F9755289 /* Release */,
			);
			defaultConfigurationIsVisible = 0;
			defaultConfigurationName = Debug;
		};
/* End XCConfigurationList section */

/* Begin XCLocalSwiftPackageReference section */
		2F1A4366EF6C4E77585CB8D4 /* XCLocalSwiftPackageReference "../LogNCoreFFI" */ = {
			isa = XCLocalSwiftPackageReference;
			relativePath = ../LogNCoreFFI;
		};
/* End XCLocalSwiftPackageReference section */

/* Begin XCRemoteSwiftPackageReference section */
		82BBFE6DA8C6F0D163CF59EA /* XCRemoteSwiftPackageReference "posthog-ios" */ = {
			isa = XCRemoteSwiftPackageReference;
			repositoryURL = "https://github.com/PostHog/posthog-ios.git";
			requirement = {
				kind = upToNextMajorVersion;
				minimumVersion = 3.0.0;
			};
		};
/* End XCRemoteSwiftPackageReference section */

/* Begin XCSwiftPackageProductDependency section */
		13135BDC590A9C01156FE7B3 /* LogNCoreFFI */ = {
			isa = XCSwiftPackageProductDependency;
			productName = LogNCoreFFI;
		};
		6CFC8719D13EE3EF51651524 /* PostHog */ = {
			isa = XCSwiftPackageProductDependency;
			package = 82BBFE6DA8C6F0D163CF59EA /* XCRemoteSwiftPackageReference "posthog-ios" */;
			productName = PostHog;
		};
/* End XCSwiftPackageProductDependency section */
	};
	rootObject = C41EF80252492D7D13E91FEA /* Project object */;
}
